// !$*UTF8*$!
{
	archiveVersion = 1;
	classes = {
	};
	objectVersion = 51;
	objects = {

/* Begin PBXBuildFile section */
		40AE22A709F28F54B8A704CC /* Pods_Joggers_Log.framework in Frameworks */ = {isa = PBXBuildFile; fileRef = 61805F4F2DEBC8ED29790D8A /* Pods_Joggers_Log.framework */; };
		840C93E22588947E00894C4A /* LogViewController.swift in Sources */ = {isa = PBXBuildFile; fileRef = 840C93E12588947E00894C4A /* LogViewController.swift */; };
		840C93ED2588B45D00894C4A /* JogDetailTableViewCell.swift in Sources */ = {isa = PBXBuildFile; fileRef = 840C93EB2588B45D00894C4A /* JogDetailTableViewCell.swift */; };
		840C93EE2588B45D00894C4A /* JogDetailTableViewCell.xib in Resources */ = {isa = PBXBuildFile; fileRef = 840C93EC2588B45D00894C4A /* JogDetailTableViewCell.xib */; };
		842B0A2524D5CDDF0049B007 /* SettingsViewController.swift in Sources */ = {isa = PBXBuildFile; fileRef = 842B0A2424D5CDDF0049B007 /* SettingsViewController.swift */; };
		84780CD5257CE402006C25F3 /* JogDetails.swift in Sources */ = {isa = PBXBuildFile; fileRef = 84780CD4257CE402006C25F3 /* JogDetails.swift */; };
		8485F3B824CF0D4E00D60D62 /* SignUpDetailsViewController.swift in Sources */ = {isa = PBXBuildFile; fileRef = 8485F3B724CF0D4E00D60D62 /* SignUpDetailsViewController.swift */; };
		848DCFBE24D3E89C005FD125 /* Constants.swift in Sources */ = {isa = PBXBuildFile; fileRef = 848DCFBD24D3E89B005FD125 /* Constants.swift */; };
		848DCFC024D3F436005FD125 /* User.swift in Sources */ = {isa = PBXBuildFile; fileRef = 848DCFBF24D3F436005FD125 /* User.swift */; };
		848DCFC224D41C44005FD125 /* LoggedInViewController.swift in Sources */ = {isa = PBXBuildFile; fileRef = 848DCFC124D41C43005FD125 /* LoggedInViewController.swift */; };
		848DCFC424D4847C005FD125 /* HamBurgerMenuViewController.swift in Sources */ = {isa = PBXBuildFile; fileRef = 848DCFC324D4847C005FD125 /* HamBurgerMenuViewController.swift */; };
		8494B8BF24CC2B98002C9EAC /* AppDelegate.swift in Sources */ = {isa = PBXBuildFile; fileRef = 8494B8BE24CC2B98002C9EAC /* AppDelegate.swift */; };
		8494B8C124CC2B98002C9EAC /* SceneDelegate.swift in Sources */ = {isa = PBXBuildFile; fileRef = 8494B8C024CC2B98002C9EAC /* SceneDelegate.swift */; };
		8494B8C324CC2B98002C9EAC /* ViewController.swift in Sources */ = {isa = PBXBuildFile; fileRef = 8494B8C224CC2B98002C9EAC /* ViewController.swift */; };
		8494B8C624CC2B98002C9EAC /* Main.storyboard in Resources */ = {isa = PBXBuildFile; fileRef = 8494B8C424CC2B98002C9EAC /* Main.storyboard */; };
		8494B8C924CC2B98002C9EAC /* Joggers_Log.xcdatamodeld in Sources */ = {isa = PBXBuildFile; fileRef = 8494B8C724CC2B98002C9EAC /* Joggers_Log.xcdatamodeld */; };
		8494B8CB24CC2B9B002C9EAC /* Assets.xcassets in Resources */ = {isa = PBXBuildFile; fileRef = 8494B8CA24CC2B9B002C9EAC /* Assets.xcassets */; };
		8494B8CE24CC2B9B002C9EAC /* LaunchScreen.storyboard in Resources */ = {isa = PBXBuildFile; fileRef = 8494B8CC24CC2B9B002C9EAC /* LaunchScreen.storyboard */; };
		849B9CA124E2C63D0024262B /* JogDetailsViewController.swift in Sources */ = {isa = PBXBuildFile; fileRef = 849B9CA024E2C63D0024262B /* JogDetailsViewController.swift */; };
		84DE647F24CD664C0010D198 /* SignUpViewController.swift in Sources */ = {isa = PBXBuildFile; fileRef = 84DE647E24CD664C0010D198 /* SignUpViewController.swift */; };
		84DE648124CD80560010D198 /* LoginViewController.swift in Sources */ = {isa = PBXBuildFile; fileRef = 84DE648024CD80560010D198 /* LoginViewController.swift */; };
		84F3B8D024D2B3FA002962C8 /* Helper.swift in Sources */ = {isa = PBXBuildFile; fileRef = 84F3B8CF24D2B3FA002962C8 /* Helper.swift */; };
		84F784BA24D33830008DE9E3 /* GoogleService-Info.plist in Resources */ = {isa = PBXBuildFile; fileRef = 84F784B924D33830008DE9E3 /* GoogleService-Info.plist */; };
/* End PBXBuildFile section */

/* Begin PBXFileReference section */
		0363771BE09033252B570D89 /* Pods-Joggers Log.release.xcconfig */ = {isa = PBXFileReference; includeInIndex = 1; lastKnownFileType = text.xcconfig; name = "Pods-Joggers Log.release.xcconfig"; path = "Target Support Files/Pods-Joggers Log/Pods-Joggers Log.release.xcconfig"; sourceTree = "<group>"; };
		61805F4F2DEBC8ED29790D8A /* Pods_Joggers_Log.framework */ = {isa = PBXFileReference; explicitFileType = wrapper.framework; includeInIndex = 0; path = Pods_Joggers_Log.framework; sourceTree = BUILT_PRODUCTS_DIR; };
		840C93E12588947E00894C4A /* LogViewController.swift */ = {isa = PBXFileReference; lastKnownFileType = sourcecode.swift; path = LogViewController.swift; sourceTree = "<group>"; };
		840C93EB2588B45D00894C4A /* JogDetailTableViewCell.swift */ = {isa = PBXFileReference; lastKnownFileType = sourcecode.swift; path = JogDetailTableViewCell.swift; sourceTree = "<group>"; };
		840C93EC2588B45D00894C4A /* JogDetailTableViewCell.xib */ = {isa = PBXFileReference; lastKnownFileType = file.xib; path = JogDetailTableViewCell.xib; sourceTree = "<group>"; };
		842B0A2424D5CDDF0049B007 /* SettingsViewController.swift */ = {isa = PBXFileReference; lastKnownFileType = sourcecode.swift; path = SettingsViewController.swift; sourceTree = "<group>"; };
		84780CD4257CE402006C25F3 /* JogDetails.swift */ = {isa = PBXFileReference; lastKnownFileType = sourcecode.swift; path = JogDetails.swift; sourceTree = "<group>"; };
		8485F3B724CF0D4E00D60D62 /* SignUpDetailsViewController.swift */ = {isa = PBXFileReference; lastKnownFileType = sourcecode.swift; path = SignUpDetailsViewController.swift; sourceTree = "<group>"; };
		848DCFBD24D3E89B005FD125 /* Constants.swift */ = {isa = PBXFileReference; lastKnownFileType = sourcecode.swift; path = Constants.swift; sourceTree = "<group>"; };
		848DCFBF24D3F436005FD125 /* User.swift */ = {isa = PBXFileReference; lastKnownFileType = sourcecode.swift; path = User.swift; sourceTree = "<group>"; };
		848DCFC124D41C43005FD125 /* LoggedInViewController.swift */ = {isa = PBXFileReference; lastKnownFileType = sourcecode.swift; path = LoggedInViewController.swift; sourceTree = "<group>"; };
		848DCFC324D4847C005FD125 /* HamBurgerMenuViewController.swift */ = {isa = PBXFileReference; lastKnownFileType = sourcecode.swift; path = HamBurgerMenuViewController.swift; sourceTree = "<group>"; };
		8494B8BB24CC2B97002C9EAC /* Joggers Log.app */ = {isa = PBXFileReference; explicitFileType = wrapper.application; includeInIndex = 0; path = "Joggers Log.app"; sourceTree = BUILT_PRODUCTS_DIR; };
		8494B8BE24CC2B98002C9EAC /* AppDelegate.swift */ = {isa = PBXFileReference; lastKnownFileType = sourcecode.swift; path = AppDelegate.swift; sourceTree = "<group>"; };
		8494B8C024CC2B98002C9EAC /* SceneDelegate.swift */ = {isa = PBXFileReference; lastKnownFileType = sourcecode.swift; path = SceneDelegate.swift; sourceTree = "<group>"; };
		8494B8C224CC2B98002C9EAC /* ViewController.swift */ = {isa = PBXFileReference; lastKnownFileType = sourcecode.swift; path = ViewController.swift; sourceTree = "<group>"; };
		8494B8C524CC2B98002C9EAC /* Base */ = {isa = PBXFileReference; lastKnownFileType = file.storyboard; name = Base; path = Base.lproj/Main.storyboard; sourceTree = "<group>"; };
		8494B8C824CC2B98002C9EAC /* Joggers_Log.xcdatamodel */ = {isa = PBXFileReference; lastKnownFileType = wrapper.xcdatamodel; path = Joggers_Log.xcdatamodel; sourceTree = "<group>"; };
		8494B8CA24CC2B9B002C9EAC /* Assets.xcassets */ = {isa = PBXFileReference; lastKnownFileType = folder.assetcatalog; path = Assets.xcassets; sourceTree = "<group>"; };
		8494B8CD24CC2B9B002C9EAC /* Base */ = {isa = PBXFileReference; lastKnownFileType = file.storyboard; name = Base; path = Base.lproj/LaunchScreen.storyboard; sourceTree = "<group>"; };
		8494B8CF24CC2B9B002C9EAC /* Info.plist */ = {isa = PBXFileReference; lastKnownFileType = text.plist.xml; path = Info.plist; sourceTree = "<group>"; };
		849B9CA024E2C63D0024262B /* JogDetailsViewController.swift */ = {isa = PBXFileReference; lastKnownFileType = sourcecode.swift; path = JogDetailsViewController.swift; sourceTree = "<group>"; };
		84DE647E24CD664C0010D198 /* SignUpViewController.swift */ = {isa = PBXFileReference; lastKnownFileType = sourcecode.swift; path = SignUpViewController.swift; sourceTree = "<group>"; };
		84DE648024CD80560010D198 /* LoginViewController.swift */ = {isa = PBXFileReference; lastKnownFileType = sourcecode.swift; path = LoginViewController.swift; sourceTree = "<group>"; };
		84F3B8CF24D2B3FA002962C8 /* Helper.swift */ = {isa = PBXFileReference; lastKnownFileType = sourcecode.swift; path = Helper.swift; sourceTree = "<group>"; };
		84F784B924D33830008DE9E3 /* GoogleService-Info.plist */ = {isa = PBXFileReference; fileEncoding = 4; lastKnownFileType = text.plist.xml; path = "GoogleService-Info.plist"; sourceTree = "<group>"; };
		D2040AF9ECDC81778B3BE0A9 /* Pods-Joggers Log.debug.xcconfig */ = {isa = PBXFileReference; includeInIndex = 1; lastKnownFileType = text.xcconfig; name = "Pods-Joggers Log.debug.xcconfig"; path = "Target Support Files/Pods-Joggers Log/Pods-Joggers Log.debug.xcconfig"; sourceTree = "<group>"; };
/* End PBXFileReference section */

/* Begin PBXFrameworksBuildPhase section */
		8494B8B824CC2B97002C9EAC /* Frameworks */ = {
			isa = PBXFrameworksBuildPhase;
			buildActionMask = 2147483647;
			files = (
				40AE22A709F28F54B8A704CC /* Pods_Joggers_Log.framework in Frameworks */,
			);
			runOnlyForDeploymentPostprocessing = 0;
		};
/* End PBXFrameworksBuildPhase section */

/* Begin PBXGroup section */
		8494B8B224CC2B97002C9EAC = {
			isa = PBXGroup;
			children = (
				8494B8BD24CC2B97002C9EAC /* Joggers Log */,
				8494B8BC24CC2B97002C9EAC /* Products */,
				E887349D1E7602C51EAA1467 /* Pods */,
				C90C1021ECADFA4C226633AC /* Frameworks */,
			);
			sourceTree = "<group>";
		};
		8494B8BC24CC2B97002C9EAC /* Products */ = {
			isa = PBXGroup;
			children = (
				8494B8BB24CC2B97002C9EAC /* Joggers Log.app */,
			);
			name = Products;
			sourceTree = "<group>";
		};
		8494B8BD24CC2B97002C9EAC /* Joggers Log */ = {
			isa = PBXGroup;
			children = (
				8494B8BE24CC2B98002C9EAC /* AppDelegate.swift */,
				8494B8C024CC2B98002C9EAC /* SceneDelegate.swift */,
				84DA1CEA24CDB90C00765E7D /* Model */,
				84DA1CEB24CDB91300765E7D /* View */,
				84DA1CEC24CDB91A00765E7D /* Controllers */,
				8494B8CA24CC2B9B002C9EAC /* Assets.xcassets */,
				84F3B8CF24D2B3FA002962C8 /* Helper.swift */,
				848DCFBD24D3E89B005FD125 /* Constants.swift */,
				8494B8CC24CC2B9B002C9EAC /* LaunchScreen.storyboard */,
				8494B8CF24CC2B9B002C9EAC /* Info.plist */,
				84F784B924D33830008DE9E3 /* GoogleService-Info.plist */,
				8494B8C724CC2B98002C9EAC /* Joggers_Log.xcdatamodeld */,
			);
			path = "Joggers Log";
			sourceTree = "<group>";
		};
		84DA1CEA24CDB90C00765E7D /* Model */ = {
			isa = PBXGroup;
			children = (
				848DCFBF24D3F436005FD125 /* User.swift */,
				84780CD4257CE402006C25F3 /* JogDetails.swift */,
			);
			path = Model;
			sourceTree = "<group>";
		};
		84DA1CEB24CDB91300765E7D /* View */ = {
			isa = PBXGroup;
			children = (
				8494B8C424CC2B98002C9EAC /* Main.storyboard */,
				840C93EB2588B45D00894C4A /* JogDetailTableViewCell.swift */,
				840C93EC2588B45D00894C4A /* JogDetailTableViewCell.xib */,
			);
			path = View;
			sourceTree = "<group>";
		};
		84DA1CEC24CDB91A00765E7D /* Controllers */ = {
			isa = PBXGroup;
			children = (
				8494B8C224CC2B98002C9EAC /* ViewController.swift */,
				84DE647E24CD664C0010D198 /* SignUpViewController.swift */,
				84DE648024CD80560010D198 /* LoginViewController.swift */,
				8485F3B724CF0D4E00D60D62 /* SignUpDetailsViewController.swift */,
				848DCFC324D4847C005FD125 /* HamBurgerMenuViewController.swift */,
				842B0A2424D5CDDF0049B007 /* SettingsViewController.swift */,
				848DCFC124D41C43005FD125 /* LoggedInViewController.swift */,
				849B9CA024E2C63D0024262B /* JogDetailsViewController.swift */,
				840C93E12588947E00894C4A /* LogViewController.swift */,
			);
			path = Controllers;
			sourceTree = "<group>";
		};
		C90C1021ECADFA4C226633AC /* Frameworks */ = {
			isa = PBXGroup;
			children = (
				61805F4F2DEBC8ED29790D8A /* Pods_Joggers_Log.framework */,
			);
			name = Frameworks;
			sourceTree = "<group>";
		};
		E887349D1E7602C51EAA1467 /* Pods */ = {
			isa = PBXGroup;
			children = (
				D2040AF9ECDC81778B3BE0A9 /* Pods-Joggers Log.debug.xcconfig */,
				0363771BE09033252B570D89 /* Pods-Joggers Log.release.xcconfig */,
			);
			path = Pods;
			sourceTree = "<group>";
		};
/* End PBXGroup section */

/* Begin PBXNativeTarget section */
		8494B8BA24CC2B97002C9EAC /* Joggers Log */ = {
			isa = PBXNativeTarget;
			buildConfigurationList = 8494B8D224CC2B9B002C9EAC /* Build configuration list for PBXNativeTarget "Joggers Log" */;
			buildPhases = (
				2DF7BDCE936D3D85B89B88CD /* [CP] Check Pods Manifest.lock */,
				8494B8B724CC2B97002C9EAC /* Sources */,
				8494B8B824CC2B97002C9EAC /* Frameworks */,
				8494B8B924CC2B97002C9EAC /* Resources */,
				3CFBB3C809AA549CD3656901 /* [CP] Embed Pods Frameworks */,
				2CB312CCE48D946B09628F18 /* [CP] Copy Pods Resources */,
			);
			buildRules = (
			);
			dependencies = (
			);
			name = "Joggers Log";
			productName = "Joggers Log";
			productReference = 8494B8BB24CC2B97002C9EAC /* Joggers Log.app */;
			productType = "com.apple.product-type.application";
		};
/* End PBXNativeTarget section */

/* Begin PBXProject section */
		8494B8B324CC2B97002C9EAC /* Project object */ = {
			isa = PBXProject;
			attributes = {
				LastSwiftUpdateCheck = 1130;
				LastUpgradeCheck = 1130;
				ORGANIZATIONNAME = "Nishant Thakur";
				TargetAttributes = {
					8494B8BA24CC2B97002C9EAC = {
						CreatedOnToolsVersion = 11.3;
					};
				};
			};
			buildConfigurationList = 8494B8B624CC2B97002C9EAC /* Build configuration list for PBXProject "Joggers Log" */;
			compatibilityVersion = "Xcode 9.3";
			developmentRegion = en;
			hasScannedForEncodings = 0;
			knownRegions = (
				en,
				Base,
			);
			mainGroup = 8494B8B224CC2B97002C9EAC;
			productRefGroup = 8494B8BC24CC2B97002C9EAC /* Products */;
			projectDirPath = "";
			projectRoot = "";
			targets = (
				8494B8BA24CC2B97002C9EAC /* Joggers Log */,
			);
		};
/* End PBXProject section */

/* Begin PBXResourcesBuildPhase section */
		8494B8B924CC2B97002C9EAC /* Resources */ = {
			isa = PBXResourcesBuildPhase;
			buildActionMask = 2147483647;
			files = (
				8494B8CE24CC2B9B002C9EAC /* LaunchScreen.storyboard in Resources */,
				840C93EE2588B45D00894C4A /* JogDetailTableViewCell.xib in Resources */,
				84F784BA24D33830008DE9E3 /* GoogleService-Info.plist in Resources */,
				8494B8CB24CC2B9B002C9EAC /* Assets.xcassets in Resources */,
				8494B8C624CC2B98002C9EAC /* Main.storyboard in Resources */,
			);
			runOnlyForDeploymentPostprocessing = 0;
		};
/* End PBXResourcesBuildPhase section */

/* Begin PBXShellScriptBuildPhase section */
		2CB312CCE48D946B09628F18 /* [CP] Copy Pods Resources */ = {
			isa = PBXShellScriptBuildPhase;
			buildActionMask = 2147483647;
			files = (
			);
			inputFileListPaths = (
				"${PODS_ROOT}/Target Support Files/Pods-Joggers Log/Pods-Joggers Log-resources-${CONFIGURATION}-input-files.xcfilelist",
			);
			name = "[CP] Copy Pods Resources";
			outputFileListPaths = (
				"${PODS_ROOT}/Target Support Files/Pods-Joggers Log/Pods-Joggers Log-resources-${CONFIGURATION}-output-files.xcfilelist",
			);
			runOnlyForDeploymentPostprocessing = 0;
			shellPath = /bin/sh;
			shellScript = "\"${PODS_ROOT}/Target Support Files/Pods-Joggers Log/Pods-Joggers Log-resources.sh\"\n";
			showEnvVarsInLog = 0;
		};
		2DF7BDCE936D3D85B89B88CD /* [CP] Check Pods Manifest.lock */ = {
			isa = PBXShellScriptBuildPhase;
			buildActionMask = 2147483647;
			files = (
			);
			inputFileListPaths = (
			);
			inputPaths = (
				"${PODS_PODFILE_DIR_PATH}/Podfile.lock",
				"${PODS_ROOT}/Manifest.lock",
			);
			name = "[CP] Check Pods Manifest.lock";
			outputFileListPaths = (
			);
			outputPaths = (
				"$(DERIVED_FILE_DIR)/Pods-Joggers Log-checkManifestLockResult.txt",
			);
			runOnlyForDeploymentPostprocessing = 0;
			shellPath = /bin/sh;
			shellScript = "diff \"${PODS_PODFILE_DIR_PATH}/Podfile.lock\" \"${PODS_ROOT}/Manifest.lock\" > /dev/null\nif [ $? != 0 ] ; then\n    # print error to STDERR\n    echo \"error: The sandbox is not in sync with the Podfile.lock. Run 'pod install' or update your CocoaPods installation.\" >&2\n    exit 1\nfi\n# This output is used by Xcode 'outputs' to avoid re-running this script phase.\necho \"SUCCESS\" > \"${SCRIPT_OUTPUT_FILE_0}\"\n";
			showEnvVarsInLog = 0;
		};
		3CFBB3C809AA549CD3656901 /* [CP] Embed Pods Frameworks */ = {
			isa = PBXShellScriptBuildPhase;
			buildActionMask = 2147483647;
			files = (
			);
			inputFileListPaths = (
				"${PODS_ROOT}/Target Support Files/Pods-Joggers Log/Pods-Joggers Log-frameworks-${CONFIGURATION}-input-files.xcfilelist",
			);
			name = "[CP] Embed Pods Frameworks";
			outputFileListPaths = (
				"${PODS_ROOT}/Target Support Files/Pods-Joggers Log/Pods-Joggers Log-frameworks-${CONFIGURATION}-output-files.xcfilelist",
			);
			runOnlyForDeploymentPostprocessing = 0;
			shellPath = /bin/sh;
			shellScript = "\"${PODS_ROOT}/Target Support Files/Pods-Joggers Log/Pods-Joggers Log-frameworks.sh\"\n";
			showEnvVarsInLog = 0;
		};
/* End PBXShellScriptBuildPhase section */

/* Begin PBXSourcesBuildPhase section */
		8494B8B724CC2B97002C9EAC /* Sources */ = {
			isa = PBXSourcesBuildPhase;
			buildActionMask = 2147483647;
			files = (
				848DCFC224D41C44005FD125 /* LoggedInViewController.swift in Sources */,
				84DE648124CD80560010D198 /* LoginViewController.swift in Sources */,
				8494B8C324CC2B98002C9EAC /* ViewController.swift in Sources */,
				840C93E22588947E00894C4A /* LogViewController.swift in Sources */,
				8494B8BF24CC2B98002C9EAC /* AppDelegate.swift in Sources */,
				8494B8C924CC2B98002C9EAC /* Joggers_Log.xcdatamodeld in Sources */,
				8485F3B824CF0D4E00D60D62 /* SignUpDetailsViewController.swift in Sources */,
				8494B8C124CC2B98002C9EAC /* SceneDelegate.swift in Sources */,
				84DE647F24CD664C0010D198 /* SignUpViewController.swift in Sources */,
				849B9CA124E2C63D0024262B /* JogDetailsViewController.swift in Sources */,
				840C93ED2588B45D00894C4A /* JogDetailTableViewCell.swift in Sources */,
				84F3B8D024D2B3FA002962C8 /* Helper.swift in Sources */,
				848DCFC024D3F436005FD125 /* User.swift in Sources */,
				842B0A2524D5CDDF0049B007 /* SettingsViewController.swift in Sources */,
				84780CD5257CE402006C25F3 /* JogDetails.swift in Sources */,
				848DCFBE24D3E89C005FD125 /* Constants.swift in Sources */,
				848DCFC424D4847C005FD125 /* HamBurgerMenuViewController.swift in Sources */,
			);
			runOnlyForDeploymentPostprocessing = 0;
		};
/* End PBXSourcesBuildPhase section */

/* Begin PBXVariantGroup section */
		8494B8C424CC2B98002C9EAC /* Main.storyboard */ = {
			isa = PBXVariantGroup;
			children = (
				8494B8C524CC2B98002C9EAC /* Base */,
			);
			name = Main.storyboard;
			sourceTree = "<group>";
		};
		8494B8CC24CC2B9B002C9EAC /* LaunchScreen.storyboard */ = {
			isa = PBXVariantGroup;
			children = (
				8494B8CD24CC2B9B002C9EAC /* Base */,
			);
			name = LaunchScreen.storyboard;
			sourceTree = "<group>";
		};
/* End PBXVariantGroup section */

/* Begin XCBuildConfiguration section */
		8494B8D024CC2B9B002C9EAC /* Debug */ = {
			isa = XCBuildConfiguration;
			buildSettings = {
				ALWAYS_SEARCH_USER_PATHS = NO;
				CLANG_ANALYZER_NONNULL = YES;
				CLANG_ANALYZER_NUMBER_OBJECT_CONVERSION = YES_AGGRESSIVE;
				CLANG_CXX_LANGUAGE_STANDARD = "gnu++14";
				CLANG_CXX_LIBRARY = "libc++";
				CLANG_ENABLE_MODULES = YES;
				CLANG_ENABLE_OBJC_ARC = YES;
				CLANG_ENABLE_OBJC_WEAK = YES;
				CLANG_WARN_BLOCK_CAPTURE_AUTORELEASING = YES;
				CLANG_WARN_BOOL_CONVERSION = YES;
				CLANG_WARN_COMMA = YES;
				CLANG_WARN_CONSTANT_CONVERSION = YES;
				CLANG_WARN_DEPRECATED_OBJC_IMPLEMENTATIONS = YES;
				CLANG_WARN_DIRECT_OBJC_ISA_USAGE = YES_ERROR;
				CLANG_WARN_DOCUMENTATION_COMMENTS = YES;
				CLANG_WARN_EMPTY_BODY = YES;
				CLANG_WARN_ENUM_CONVERSION = YES;
				CLANG_WARN_INFINITE_RECURSION = YES;
				CLANG_WARN_INT_CONVERSION = YES;
				CLANG_WARN_NON_LITERAL_NULL_CONVERSION = YES;
				CLANG_WARN_OBJC_IMPLICIT_RETAIN_SELF = YES;
				CLANG_WARN_OBJC_LITERAL_CONVERSION = YES;
				CLANG_WARN_OBJC_ROOT_CLASS = YES_ERROR;
				CLANG_WARN_RANGE_LOOP_ANALYSIS = YES;
				CLANG_WARN_STRICT_PROTOTYPES = YES;
				CLANG_WARN_SUSPICIOUS_MOVE = YES;
				CLANG_WARN_UNGUARDED_AVAILABILITY = YES_AGGRESSIVE;
				CLANG_WARN_UNREACHABLE_CODE = YES;
				CLANG_WARN__DUPLICATE_METHOD_MATCH = YES;
				COPY_PHASE_STRIP = NO;
				DEBUG_INFORMATION_FORMAT = dwarf;
				ENABLE_STRICT_OBJC_MSGSEND = YES;
				ENABLE_TESTABILITY = YES;
				GCC_C_LANGUAGE_STANDARD = gnu11;
				GCC_DYNAMIC_NO_PIC = NO;
				GCC_NO_COMMON_BLOCKS = YES;
				GCC_OPTIMIZATION_LEVEL = 0;
				GCC_PREPROCESSOR_DEFINITIONS = (
					"DEBUG=1",
					"$(inherited)",
				);
				GCC_WARN_64_TO_32_BIT_CONVERSION = YES;
				GCC_WARN_ABOUT_RETURN_TYPE = YES_ERROR;
				GCC_WARN_UNDECLARED_SELECTOR = YES;
				GCC_WARN_UNINITIALIZED_AUTOS = YES_AGGRESSIVE;
				GCC_WARN_UNUSED_FUNCTION = YES;
				GCC_WARN_UNUSED_VARIABLE = YES;
				IPHONEOS_DEPLOYMENT_TARGET = 13.2;
				MTL_ENABLE_DEBUG_INFO = INCLUDE_SOURCE;
				MTL_FAST_MATH = YES;
				ONLY_ACTIVE_ARCH = YES;
				SDKROOT = iphoneos;
				SWIFT_ACTIVE_COMPILATION_CONDITIONS = DEBUG;
				SWIFT_OPTIMIZATION_LEVEL = "-Onone";
			};
			name = Debug;
		};
		8494B8D124CC2B9B002C9EAC /* Release */ = {
			isa = XCBuildConfiguration;
			buildSettings = {
				ALWAYS_SEARCH_USER_PATHS = NO;
				CLANG_ANALYZER_NONNULL = YES;
				CLANG_ANALYZER_NUMBER_OBJECT_CONVERSION = YES_AGGRESSIVE;
				CLANG_CXX_LANGUAGE_STANDARD = "gnu++14";
				CLANG_CXX_LIBRARY = "libc++";
				CLANG_ENABLE_MODULES = YES;
				CLANG_ENABLE_OBJC_ARC = YES;
				CLANG_ENABLE_OBJC_WEAK = YES;
				CLANG_WARN_BLOCK_CAPTURE_AUTORELEASING = YES;
				CLANG_WARN_BOOL_CONVERSION = YES;
				CLANG_WARN_COMMA = YES;
				CLANG_WARN_CONSTANT_CONVERSION = YES;
				CLANG_WARN_DEPRECATED_OBJC_IMPLEMENTATIONS = YES;
				CLANG_WARN_DIRECT_OBJC_ISA_USAGE = YES_ERROR;
				CLANG_WARN_DOCUMENTATION_COMMENTS = YES;
				CLANG_WARN_EMPTY_BODY = YES;
				CLANG_WARN_ENUM_CONVERSION = YES;
				CLANG_WARN_INFINITE_RECURSION = YES;
				CLANG_WARN_INT_CONVERSION = YES;
				CLANG_WARN_NON_LITERAL_NULL_CONVERSION = YES;
				CLANG_WARN_OBJC_IMPLICIT_RETAIN_SELF = YES;
				CLANG_WARN_OBJC_LITERAL_CONVERSION = YES;
				CLANG_WARN_OBJC_ROOT_CLASS = YES_ERROR;
				CLANG_WARN_RANGE_LOOP_ANALYSIS = YES;
				CLANG_WARN_STRICT_PROTOTYPES = YES;
				CLANG_WARN_SUSPICIOUS_MOVE = YES;
				CLANG_WARN_UNGUARDED_AVAILABILITY = YES_AGGRESSIVE;
				CLANG_WARN_UNREACHABLE_CODE = YES;
				CLANG_WARN__DUPLICATE_METHOD_MATCH = YES;
				COPY_PHASE_STRIP = NO;
				DEBUG_INFORMATION_FORMAT = "dwarf-with-dsym";
				ENABLE_NS_ASSERTIONS = NO;
				ENABLE_STRICT_OBJC_MSGSEND = YES;
				GCC_C_LANGUAGE_STANDARD = gnu11;
				GCC_NO_COMMON_BLOCKS = YES;
				GCC_WARN_64_TO_32_BIT_CONVERSION = YES;
				GCC_WARN_ABOUT_RETURN_TYPE = YES_ERROR;
				GCC_WARN_UNDECLARED_SELECTOR = YES;
				GCC_WARN_UNINITIALIZED_AUTOS = YES_AGGRESSIVE;
				GCC_WARN_UNUSED_FUNCTION = YES;
				GCC_WARN_UNUSED_VARIABLE = YES;
				IPHONEOS_DEPLOYMENT_TARGET = 13.2;
				MTL_ENABLE_DEBUG_INFO = NO;
				MTL_FAST_MATH = YES;
				SDKROOT = iphoneos;
				SWIFT_COMPILATION_MODE = wholemodule;
				SWIFT_OPTIMIZATION_LEVEL = "-O";
				VALIDATE_PRODUCT = YES;
			};
			name = Release;
		};
		8494B8D324CC2B9B002C9EAC /* Debug */ = {
			isa = XCBuildConfiguration;
			baseConfigurationReference = D2040AF9ECDC81778B3BE0A9 /* Pods-Joggers Log.debug.xcconfig */;
			buildSettings = {
				ASSETCATALOG_COMPILER_APPICON_NAME = AppIcon;
				CODE_SIGN_STYLE = Automatic;
				DEVELOPMENT_TEAM = 54344XQ2GR;
				INFOPLIST_FILE = "Joggers Log/Info.plist";
				LD_RUNPATH_SEARCH_PATHS = (
					"$(inherited)",
					"@executable_path/Frameworks",
				);
				PRODUCT_BUNDLE_IDENTIFIER = "nishant.Joggers-Log";
				PRODUCT_NAME = "$(TARGET_NAME)";
				SWIFT_VERSION = 5.0;
				TARGETED_DEVICE_FAMILY = "1,2";
			};
			name = Debug;
		};
		8494B8D424CC2B9B002C9EAC /* Release */ = {
			isa = XCBuildConfiguration;
			baseConfigurationReference = 0363771BE09033252B570D89 /* Pods-Joggers Log.release.xcconfig */;
			buildSettings = {
				ASSETCATALOG_COMPILER_APPICON_NAME = AppIcon;
				CODE_SIGN_STYLE = Automatic;
				DEVELOPMENT_TEAM = 54344XQ2GR;
				INFOPLIST_FILE = "Joggers Log/Info.plist";
				LD_RUNPATH_SEARCH_PATHS = (
					"$(inherited)",
					"@executable_path/Frameworks",
				);
				PRODUCT_BUNDLE_IDENTIFIER = "nishant.Joggers-Log";
				PRODUCT_NAME = "$(TARGET_NAME)";
				SWIFT_VERSION = 5.0;
				TARGETED_DEVICE_FAMILY = "1,2";
			};
			name = Release;
		};
/* End XCBuildConfiguration section */

/* Begin XCConfigurationList section */
		8494B8B624CC2B97002C9EAC /* Build configuration list for PBXProject "Joggers Log" */ = {
			isa = XCConfigurationList;
			buildConfigurations = (
				8494B8D024CC2B9B002C9EAC /* Debug */,
				8494B8D124CC2B9B002C9EAC /* Release */,
			);
			defaultConfigurationIsVisible = 0;
			defaultConfigurationName = Release;
		};
		8494B8D224CC2B9B002C9EAC /* Build configuration list for PBXNativeTarget "Joggers Log" */ = {
			isa = XCConfigurationList;
			buildConfigurations = (
				8494B8D324CC2B9B002C9EAC /* Debug */,
				8494B8D424CC2B9B002C9EAC /* Release */,
			);
			defaultConfigurationIsVisible = 0;
			defaultConfigurationName = Release;
		};
/* End XCConfigurationList section */

/* Begin XCVersionGroup section */
		8494B8C724CC2B98002C9EAC /* Joggers_Log.xcdatamodeld */ = {
			isa = XCVersionGroup;
			children = (
				8494B8C824CC2B98002C9EAC /* Joggers_Log.xcdatamodel */,
			);
			currentVersion = 8494B8C824CC2B98002C9EAC /* Joggers_Log.xcdatamodel */;
			path = Joggers_Log.xcdatamodeld;
			sourceTree = "<group>";
			versionGroupType = wrapper.xcdatamodel;
		};
/* End XCVersionGroup section */
	};
	rootObject = 8494B8B324CC2B97002C9EAC /* Project object */;
}
